
Microsoft Visual Studio Solution File, Format Version 12.00
# Visual Studio Version 17
VisualStudioVersion = 17.4.33205.214
MinimumVisualStudioVersion = 10.0.40219.1
Project("{9A19103F-16F7-4668-BE54-9A1E7A4F7556}") = "Web", "src\Web\Web.csproj", "{11054D6B-BC21-4D32-8F45-3E7692FBF8EA}"
	ProjectSection(ProjectDependencies) = postProject
		{274F5F19-BF76-4B9B-AEEC-1461635C9F60} = {274F5F19-BF76-4B9B-AEEC-1461635C9F60}
		{883F70C7-96AB-473E-B6DD-9048E09039EF} = {883F70C7-96AB-473E-B6DD-9048E09039EF}
	EndProjectSection
EndProject
Project("{9A19103F-16F7-4668-BE54-9A1E7A4F7556}") = "Domain", "src\Domain\Domain.csproj", "{ADDD2682-0165-409E-9F1D-A3475C209C22}"
EndProject
Project("{9A19103F-16F7-4668-BE54-9A1E7A4F7556}") = "Application", "src\Application\Application.csproj", "{274F5F19-BF76-4B9B-AEEC-1461635C9F60}"
EndProject
Project("{9A19103F-16F7-4668-BE54-9A1E7A4F7556}") = "Infrastructure", "src\Infrastructure\Infrastructure.csproj", "{883F70C7-96AB-473E-B6DD-9048E09039EF}"
	ProjectSection(ProjectDependencies) = postProject
		{274F5F19-BF76-4B9B-AEEC-1461635C9F60} = {274F5F19-BF76-4B9B-AEEC-1461635C9F60}
	EndProjectSection
EndProject
Project("{9A19103F-16F7-4668-BE54-9A1E7A4F7556}") = "Domain.Test", "tests\Domain.Test\Domain.Test.csproj", "{CDE8C3A2-BC2E-4048-82EA-9F1AF6FF4C43}"
EndProject
Project("{2150E333-8FDC-42A3-9474-1A3956D46DE8}") = "src", "src", "{4894D18E-215A-4053-AE51-FB73D7278CE1}"
EndProject
Project("{2150E333-8FDC-42A3-9474-1A3956D46DE8}") = "tests", "tests", "{EF47D382-BFCB-4C55-B37A-9B82BA0D7CAF}"
EndProject
Global
	GlobalSection(SolutionConfigurationPlatforms) = preSolution
		Debug|Any CPU = Debug|Any CPU
		Release|Any CPU = Release|Any CPU
	EndGlobalSection
	GlobalSection(ProjectConfigurationPlatforms) = postSolution
		{11054D6B-BC21-4D32-8F45-3E7692FBF8EA}.Debug|Any CPU.ActiveCfg = Debug|Any CPU
		{11054D6B-BC21-4D32-8F45-3E7692FBF8EA}.Debug|Any CPU.Build.0 = Debug|Any CPU
		{11054D6B-BC21-4D32-8F45-3E7692FBF8EA}.Release|Any CPU.ActiveCfg = Release|Any CPU
		{11054D6B-BC21-4D32-8F45-3E7692FBF8EA}.Release|Any CPU.Build.0 = Release|Any CPU
		{ADDD2682-0165-409E-9F1D-A3475C209C22}.Debug|Any CPU.ActiveCfg = Debug|Any CPU
		{ADDD2682-0165-409E-9F1D-A3475C209C22}.Debug|Any CPU.Build.0 = Debug|Any CPU
		{ADDD2682-0165-409E-9F1D-A3475C209C22}.Release|Any CPU.ActiveCfg = Release|Any CPU
		{ADDD2682-0165-409E-9F1D-A3475C209C22}.Release|Any CPU.Build.0 = Release|Any CPU
		{274F5F19-BF76-4B9B-AEEC-1461635C9F60}.Debug|Any CPU.ActiveCfg = Debug|Any CPU
		{274F5F19-BF76-4B9B-AEEC-1461635C9F60}.Debug|Any CPU.Build.0 = Debug|Any CPU
		{274F5F19-BF76-4B9B-AEEC-1461635C9F60}.Release|Any CPU.ActiveCfg = Release|Any CPU
		{274F5F19-BF76-4B9B-AEEC-1461635C9F60}.Release|Any CPU.Build.0 = Release|Any CPU
		{883F70C7-96AB-473E-B6DD-9048E09039EF}.Debug|Any CPU.ActiveCfg = Debug|Any CPU
		{883F70C7-96AB-473E-B6DD-9048E09039EF}.Debug|Any CPU.Build.0 = Debug|Any CPU
		{883F70C7-96AB-473E-B6DD-9048E09039EF}.Release|Any CPU.ActiveCfg = Release|Any CPU
		{883F70C7-96AB-473E-B6DD-9048E09039EF}.Release|Any CPU.Build.0 = Release|Any CPU
		{CDE8C3A2-BC2E-4048-82EA-9F1AF6FF4C43}.Debug|Any CPU.ActiveCfg = Debug|Any CPU
		{CDE8C3A2-BC2E-4048-82EA-9F1AF6FF4C43}.Debug|Any CPU.Build.0 = Debug|Any CPU
		{CDE8C3A2-BC2E-4048-82EA-9F1AF6FF4C43}.Release|Any CPU.ActiveCfg = Release|Any CPU
		{CDE8C3A2-BC2E-4048-82EA-9F1AF6FF4C43}.Release|Any CPU.Build.0 = Release|Any CPU
	EndGlobalSection
	GlobalSection(SolutionProperties) = preSolution
		HideSolutionNode = FALSE
	EndGlobalSection
	GlobalSection(NestedProjects) = preSolution
		{ADDD2682-0165-409E-9F1D-A3475C209C22} = {4894D18E-215A-4053-AE51-FB73D7278CE1}
		{274F5F19-BF76-4B9B-AEEC-1461635C9F60} = {4894D18E-215A-4053-AE51-FB73D7278CE1}
		{883F70C7-96AB-473E-B6DD-9048E09039EF} = {4894D18E-215A-4053-AE51-FB73D7278CE1}
		{CDE8C3A2-BC2E-4048-82EA-9F1AF6FF4C43} = {EF47D382-BFCB-4C55-B37A-9B82BA0D7CAF}
	EndGlobalSection
	GlobalSection(ExtensibilityGlobals) = postSolution
		SolutionGuid = {164916F8-8DA4-480A-BF09-EE88287556B4}
	EndGlobalSection
EndGlobal
